// !$*UTF8*$!
{
	archiveVersion = 1;
	classes = {
	};
	objectVersion = 50;
	objects = {

/* Begin PBXBuildFile section */
		6814C6F3231AA685008AB52C /* AppDelegate.swift in Sources */ = {isa = PBXBuildFile; fileRef = 6814C6F2231AA685008AB52C /* AppDelegate.swift */; };
		6814C6F5231AA685008AB52C /* SceneDelegate.swift in Sources */ = {isa = PBXBuildFile; fileRef = 6814C6F4231AA685008AB52C /* SceneDelegate.swift */; };
		6814C6FA231AA685008AB52C /* Main.storyboard in Resources */ = {isa = PBXBuildFile; fileRef = 6814C6F8231AA685008AB52C /* Main.storyboard */; };
		6814C6FC231AA686008AB52C /* Assets.xcassets in Resources */ = {isa = PBXBuildFile; fileRef = 6814C6FB231AA686008AB52C /* Assets.xcassets */; };
		6814C6FF231AA686008AB52C /* LaunchScreen.storyboard in Resources */ = {isa = PBXBuildFile; fileRef = 6814C6FD231AA686008AB52C /* LaunchScreen.storyboard */; };
		6814C707231AA750008AB52C /* TableViewController.swift in Sources */ = {isa = PBXBuildFile; fileRef = 6814C706231AA750008AB52C /* TableViewController.swift */; };
		6814C709231AA7E6008AB52C /* AnimalCell.swift in Sources */ = {isa = PBXBuildFile; fileRef = 6814C708231AA7E6008AB52C /* AnimalCell.swift */; };
		6814C70B231AA85F008AB52C /* Animal.swift in Sources */ = {isa = PBXBuildFile; fileRef = 6814C70A231AA85F008AB52C /* Animal.swift */; };
		6814C70D231AA876008AB52C /* AnimalRepository.swift in Sources */ = {isa = PBXBuildFile; fileRef = 6814C70C231AA876008AB52C /* AnimalRepository.swift */; };
		68175748231D93AD000B3FEF /* image08.jpg in Resources */ = {isa = PBXBuildFile; fileRef = 68175745231D93AD000B3FEF /* image08.jpg */; };
		68175749231D93AD000B3FEF /* image10.jpg in Resources */ = {isa = PBXBuildFile; fileRef = 68175746231D93AD000B3FEF /* image10.jpg */; };
		6817574A231D93AD000B3FEF /* image09.jpg in Resources */ = {isa = PBXBuildFile; fileRef = 68175747231D93AD000B3FEF /* image09.jpg */; };
		682E3E21231DD77F00836616 /* image11.jpg in Resources */ = {isa = PBXBuildFile; fileRef = 682E3E1E231DD77F00836616 /* image11.jpg */; };
		682E3E22231DD77F00836616 /* image13.jpg in Resources */ = {isa = PBXBuildFile; fileRef = 682E3E1F231DD77F00836616 /* image13.jpg */; };
		682E3E23231DD77F00836616 /* image12.jpg in Resources */ = {isa = PBXBuildFile; fileRef = 682E3E20231DD77F00836616 /* image12.jpg */; };
		682E3E27231DE72500836616 /* image16.jpg in Resources */ = {isa = PBXBuildFile; fileRef = 682E3E24231DE72500836616 /* image16.jpg */; };
		682E3E28231DE72500836616 /* image14.jpg in Resources */ = {isa = PBXBuildFile; fileRef = 682E3E25231DE72500836616 /* image14.jpg */; };
		682E3E29231DE72500836616 /* image15.jpg in Resources */ = {isa = PBXBuildFile; fileRef = 682E3E26231DE72500836616 /* image15.jpg */; };
		68DCD9C4231E946200C931E9 /* ibDisplayMode.gif in Resources */ = {isa = PBXBuildFile; fileRef = 68DCD9C3231E946200C931E9 /* ibDisplayMode.gif */; };
		68E77A72231C41C20019D734 /* DetailViewController.swift in Sources */ = {isa = PBXBuildFile; fileRef = 68E77A71231C41C20019D734 /* DetailViewController.swift */; };
		68F6D966231D90AE00415579 /* adaptiveColors50.gif in Resources */ = {isa = PBXBuildFile; fileRef = 68F6D965231D90AE00415579 /* adaptiveColors50.gif */; };
		68F6D96E231D923000415579 /* image02.jpg in Resources */ = {isa = PBXBuildFile; fileRef = 68F6D967231D923000415579 /* image02.jpg */; };
		68F6D96F231D923000415579 /* image06.jpg in Resources */ = {isa = PBXBuildFile; fileRef = 68F6D968231D923000415579 /* image06.jpg */; };
		68F6D970231D923000415579 /* image01.jpg in Resources */ = {isa = PBXBuildFile; fileRef = 68F6D969231D923000415579 /* image01.jpg */; };
		68F6D971231D923000415579 /* image04.jpg in Resources */ = {isa = PBXBuildFile; fileRef = 68F6D96A231D923000415579 /* image04.jpg */; };
		68F6D972231D923000415579 /* image03.jpg in Resources */ = {isa = PBXBuildFile; fileRef = 68F6D96B231D923000415579 /* image03.jpg */; };
		68F6D973231D923000415579 /* image07.jpg in Resources */ = {isa = PBXBuildFile; fileRef = 68F6D96C231D923000415579 /* image07.jpg */; };
		68F6D974231D923000415579 /* image05.jpg in Resources */ = {isa = PBXBuildFile; fileRef = 68F6D96D231D923000415579 /* image05.jpg */; };
/* End PBXBuildFile section */

/* Begin PBXFileReference section */
		6814C6EF231AA685008AB52C /* DarkModeDemo-UIKit.app */ = {isa = PBXFileReference; explicitFileType = wrapper.application; includeInIndex = 0; path = "DarkModeDemo-UIKit.app"; sourceTree = BUILT_PRODUCTS_DIR; };
		6814C6F2231AA685008AB52C /* AppDelegate.swift */ = {isa = PBXFileReference; lastKnownFileType = sourcecode.swift; path = AppDelegate.swift; sourceTree = "<group>"; };
		6814C6F4231AA685008AB52C /* SceneDelegate.swift */ = {isa = PBXFileReference; lastKnownFileType = sourcecode.swift; path = SceneDelegate.swift; sourceTree = "<group>"; };
		6814C6F9231AA685008AB52C /* Base */ = {isa = PBXFileReference; lastKnownFileType = file.storyboard; name = Base; path = Base.lproj/Main.storyboard; sourceTree = "<group>"; };
		6814C6FB231AA686008AB52C /* Assets.xcassets */ = {isa = PBXFileReference; lastKnownFileType = folder.assetcatalog; path = Assets.xcassets; sourceTree = "<group>"; };
		6814C6FE231AA686008AB52C /* Base */ = {isa = PBXFileReference; lastKnownFileType = file.storyboard; name = Base; path = Base.lproj/LaunchScreen.storyboard; sourceTree = "<group>"; };
		6814C700231AA686008AB52C /* Info.plist */ = {isa = PBXFileReference; lastKnownFileType = text.plist.xml; path = Info.plist; sourceTree = "<group>"; };
		6814C706231AA750008AB52C /* TableViewController.swift */ = {isa = PBXFileReference; lastKnownFileType = sourcecode.swift; path = TableViewController.swift; sourceTree = "<group>"; };
		6814C708231AA7E6008AB52C /* AnimalCell.swift */ = {isa = PBXFileReference; lastKnownFileType = sourcecode.swift; path = AnimalCell.swift; sourceTree = "<group>"; };
		6814C70A231AA85F008AB52C /* Animal.swift */ = {isa = PBXFileReference; fileEncoding = 4; lastKnownFileType = sourcecode.swift; path = Animal.swift; sourceTree = "<group>"; };
		6814C70C231AA876008AB52C /* AnimalRepository.swift */ = {isa = PBXFileReference; fileEncoding = 4; lastKnownFileType = sourcecode.swift; path = AnimalRepository.swift; sourceTree = "<group>"; };
		68175745231D93AD000B3FEF /* image08.jpg */ = {isa = PBXFileReference; lastKnownFileType = image.jpeg; path = image08.jpg; sourceTree = "<group>"; };
		68175746231D93AD000B3FEF /* image10.jpg */ = {isa = PBXFileReference; lastKnownFileType = image.jpeg; path = image10.jpg; sourceTree = "<group>"; };
		68175747231D93AD000B3FEF /* image09.jpg */ = {isa = PBXFileReference; lastKnownFileType = image.jpeg; path = image09.jpg; sourceTree = "<group>"; };
		682E3E1E231DD77F00836616 /* image11.jpg */ = {isa = PBXFileReference; lastKnownFileType = image.jpeg; path = image11.jpg; sourceTree = "<group>"; };
		682E3E1F231DD77F00836616 /* image13.jpg */ = {isa = PBXFileReference; lastKnownFileType = image.jpeg; path = image13.jpg; sourceTree = "<group>"; };
		682E3E20231DD77F00836616 /* image12.jpg */ = {isa = PBXFileReference; lastKnownFileType = image.jpeg; path = image12.jpg; sourceTree = "<group>"; };
		682E3E24231DE72500836616 /* image16.jpg */ = {isa = PBXFileReference; lastKnownFileType = image.jpeg; path = image16.jpg; sourceTree = "<group>"; };
		682E3E25231DE72500836616 /* image14.jpg */ = {isa = PBXFileReference; lastKnownFileType = image.jpeg; path = image14.jpg; sourceTree = "<group>"; };
		682E3E26231DE72500836616 /* image15.jpg */ = {isa = PBXFileReference; lastKnownFileType = image.jpeg; path = image15.jpg; sourceTree = "<group>"; };
		6849A010231BF8FD00105323 /* README.md */ = {isa = PBXFileReference; lastKnownFileType = net.daringfireball.markdown; path = README.md; sourceTree = "<group>"; };
		68DCD9C3231E946200C931E9 /* ibDisplayMode.gif */ = {isa = PBXFileReference; lastKnownFileType = image.gif; path = ibDisplayMode.gif; sourceTree = "<group>"; };
		68E77A71231C41C20019D734 /* DetailViewController.swift */ = {isa = PBXFileReference; lastKnownFileType = sourcecode.swift; path = DetailViewController.swift; sourceTree = "<group>"; };
		68F6D965231D90AE00415579 /* adaptiveColors50.gif */ = {isa = PBXFileReference; lastKnownFileType = image.gif; path = adaptiveColors50.gif; sourceTree = "<group>"; };
		68F6D967231D923000415579 /* image02.jpg */ = {isa = PBXFileReference; lastKnownFileType = image.jpeg; path = image02.jpg; sourceTree = "<group>"; };
		68F6D968231D923000415579 /* image06.jpg */ = {isa = PBXFileReference; lastKnownFileType = image.jpeg; path = image06.jpg; sourceTree = "<group>"; };
		68F6D969231D923000415579 /* image01.jpg */ = {isa = PBXFileReference; lastKnownFileType = image.jpeg; path = image01.jpg; sourceTree = "<group>"; };
		68F6D96A231D923000415579 /* image04.jpg */ = {isa = PBXFileReference; lastKnownFileType = image.jpeg; path = image04.jpg; sourceTree = "<group>"; };
		68F6D96B231D923000415579 /* image03.jpg */ = {isa = PBXFileReference; lastKnownFileType = image.jpeg; path = image03.jpg; sourceTree = "<group>"; };
		68F6D96C231D923000415579 /* image07.jpg */ = {isa = PBXFileReference; lastKnownFileType = image.jpeg; path = image07.jpg; sourceTree = "<group>"; };
		68F6D96D231D923000415579 /* image05.jpg */ = {isa = PBXFileReference; lastKnownFileType = image.jpeg; path = image05.jpg; sourceTree = "<group>"; };
/* End PBXFileReference section */

/* Begin PBXFrameworksBuildPhase section */
		6814C6EC231AA685008AB52C /* Frameworks */ = {
			isa = PBXFrameworksBuildPhase;
			buildActionMask = 2147483647;
			files = (
			);
			runOnlyForDeploymentPostprocessing = 0;
		};
/* End PBXFrameworksBuildPhase section */

/* Begin PBXGroup section */
		6814C6E6231AA685008AB52C = {
			isa = PBXGroup;
			children = (
				68F6D964231D909800415579 /* readme-assets */,
				6849A010231BF8FD00105323 /* README.md */,
				6814C6F1231AA685008AB52C /* DarkModeDemo-UIKit */,
				6814C6F0231AA685008AB52C /* Products */,
			);
			sourceTree = "<group>";
		};
		6814C6F0231AA685008AB52C /* Products */ = {
			isa = PBXGroup;
			children = (
				6814C6EF231AA685008AB52C /* DarkModeDemo-UIKit.app */,
			);
			name = Products;
			sourceTree = "<group>";
		};
		6814C6F1231AA685008AB52C /* DarkModeDemo-UIKit */ = {
			isa = PBXGroup;
			children = (
				6814C700231AA686008AB52C /* Info.plist */,
				6814C70A231AA85F008AB52C /* Animal.swift */,
				6814C708231AA7E6008AB52C /* AnimalCell.swift */,
				6814C70C231AA876008AB52C /* AnimalRepository.swift */,
				6814C6F2231AA685008AB52C /* AppDelegate.swift */,
				68E77A71231C41C20019D734 /* DetailViewController.swift */,
				6814C6F4231AA685008AB52C /* SceneDelegate.swift */,
				6814C706231AA750008AB52C /* TableViewController.swift */,
				6814C6FB231AA686008AB52C /* Assets.xcassets */,
				6814C6FD231AA686008AB52C /* LaunchScreen.storyboard */,
				6814C6F8231AA685008AB52C /* Main.storyboard */,
			);
			path = "DarkModeDemo-UIKit";
			sourceTree = "<group>";
		};
		68F6D964231D909800415579 /* readme-assets */ = {
			isa = PBXGroup;
			children = (
				68F6D965231D90AE00415579 /* adaptiveColors50.gif */,
				68DCD9C3231E946200C931E9 /* ibDisplayMode.gif */,
				68F6D969231D923000415579 /* image01.jpg */,
				68F6D967231D923000415579 /* image02.jpg */,
				68F6D96B231D923000415579 /* image03.jpg */,
				68F6D96A231D923000415579 /* image04.jpg */,
				68F6D96D231D923000415579 /* image05.jpg */,
				68F6D968231D923000415579 /* image06.jpg */,
				68F6D96C231D923000415579 /* image07.jpg */,
				68175745231D93AD000B3FEF /* image08.jpg */,
				68175747231D93AD000B3FEF /* image09.jpg */,
				68175746231D93AD000B3FEF /* image10.jpg */,
				682E3E1E231DD77F00836616 /* image11.jpg */,
				682E3E20231DD77F00836616 /* image12.jpg */,
				682E3E1F231DD77F00836616 /* image13.jpg */,
				682E3E25231DE72500836616 /* image14.jpg */,
				682E3E26231DE72500836616 /* image15.jpg */,
				682E3E24231DE72500836616 /* image16.jpg */,
			);
			path = "readme-assets";
			sourceTree = "<group>";
		};
/* End PBXGroup section */

/* Begin PBXNativeTarget section */
		6814C6EE231AA685008AB52C /* DarkModeDemo-UIKit */ = {
			isa = PBXNativeTarget;
			buildConfigurationList = 6814C703231AA686008AB52C /* Build configuration list for PBXNativeTarget "DarkModeDemo-UIKit" */;
			buildPhases = (
				6814C6EB231AA685008AB52C /* Sources */,
				6814C6EC231AA685008AB52C /* Frameworks */,
				6814C6ED231AA685008AB52C /* Resources */,
			);
			buildRules = (
			);
			dependencies = (
			);
			name = "DarkModeDemo-UIKit";
			productName = "DarkModeDemo-UIKit";
			productReference = 6814C6EF231AA685008AB52C /* DarkModeDemo-UIKit.app */;
			productType = "com.apple.product-type.application";
		};
/* End PBXNativeTarget section */

/* Begin PBXProject section */
		6814C6E7231AA685008AB52C /* Project object */ = {
			isa = PBXProject;
			attributes = {
				LastSwiftUpdateCheck = 1100;
				LastUpgradeCheck = 1100;
				ORGANIZATIONNAME = "Russell Archer";
				TargetAttributes = {
					6814C6EE231AA685008AB52C = {
						CreatedOnToolsVersion = 11.0;
					};
				};
			};
			buildConfigurationList = 6814C6EA231AA685008AB52C /* Build configuration list for PBXProject "DarkModeDemo-UIKit" */;
			compatibilityVersion = "Xcode 9.3";
			developmentRegion = en;
			hasScannedForEncodings = 0;
			knownRegions = (
				en,
				Base,
			);
			mainGroup = 6814C6E6231AA685008AB52C;
			productRefGroup = 6814C6F0231AA685008AB52C /* Products */;
			projectDirPath = "";
			projectRoot = "";
			targets = (
				6814C6EE231AA685008AB52C /* DarkModeDemo-UIKit */,
			);
		};
/* End PBXProject section */

/* Begin PBXResourcesBuildPhase section */
		6814C6ED231AA685008AB52C /* Resources */ = {
			isa = PBXResourcesBuildPhase;
			buildActionMask = 2147483647;
			files = (
				6814C6FF231AA686008AB52C /* LaunchScreen.storyboard in Resources */,
				682E3E22231DD77F00836616 /* image13.jpg in Resources */,
				682E3E27231DE72500836616 /* image16.jpg in Resources */,
				682E3E29231DE72500836616 /* image15.jpg in Resources */,
				68F6D971231D923000415579 /* image04.jpg in Resources */,
				682E3E21231DD77F00836616 /* image11.jpg in Resources */,
				68F6D970231D923000415579 /* image01.jpg in Resources */,
				68175749231D93AD000B3FEF /* image10.jpg in Resources */,
				6817574A231D93AD000B3FEF /* image09.jpg in Resources */,
				682E3E28231DE72500836616 /* image14.jpg in Resources */,
				68DCD9C4231E946200C931E9 /* ibDisplayMode.gif in Resources */,
				68F6D966231D90AE00415579 /* adaptiveColors50.gif in Resources */,
				6814C6FC231AA686008AB52C /* Assets.xcassets in Resources */,
				68175748231D93AD000B3FEF /* image08.jpg in Resources */,
				68F6D96E231D923000415579 /* image02.jpg in Resources */,
				6814C6FA231AA685008AB52C /* Main.storyboard in Resources */,
				68F6D974231D923000415579 /* image05.jpg in Resources */,
				68F6D96F231D923000415579 /* image06.jpg in Resources */,
				68F6D973231D923000415579 /* image07.jpg in Resources */,
				68F6D972231D923000415579 /* image03.jpg in Resources */,
				682E3E23231DD77F00836616 /* image12.jpg in Resources */,
			);
			runOnlyForDeploymentPostprocessing = 0;
		};
/* End PBXResourcesBuildPhase section */

/* Begin PBXSourcesBuildPhase section */
		6814C6EB231AA685008AB52C /* Sources */ = {
			isa = PBXSourcesBuildPhase;
			buildActionMask = 2147483647;
			files = (
				6814C6F3231AA685008AB52C /* AppDelegate.swift in Sources */,
				6814C709231AA7E6008AB52C /* AnimalCell.swift in Sources */,
				6814C6F5231AA685008AB52C /* SceneDelegate.swift in Sources */,
				6814C70D231AA876008AB52C /* AnimalRepository.swift in Sources */,
				6814C707231AA750008AB52C /* TableViewController.swift in Sources */,
				6814C70B231AA85F008AB52C /* Animal.swift in Sources */,
				68E77A72231C41C20019D734 /* DetailViewController.swift in Sources */,
			);
			runOnlyForDeploymentPostprocessing = 0;
		};
/* End PBXSourcesBuildPhase section */

/* Begin PBXVariantGroup section */
		6814C6F8231AA685008AB52C /* Main.storyboard */ = {
			isa = PBXVariantGroup;
			children = (
				6814C6F9231AA685008AB52C /* Base */,
			);
			name = Main.storyboard;
			sourceTree = "<group>";
		};
		6814C6FD231AA686008AB52C /* LaunchScreen.storyboard */ = {
			isa = PBXVariantGroup;
			children = (
				6814C6FE231AA686008AB52C /* Base */,
			);
			name = LaunchScreen.storyboard;
			sourceTree = "<group>";
		};
/* End PBXVariantGroup section */

/* Begin XCBuildConfiguration section */
		6814C701231AA686008AB52C /* Debug */ = {
			isa = XCBuildConfiguration;
			buildSettings = {
				ALWAYS_SEARCH_USER_PATHS = NO;
				CLANG_ANALYZER_NONNULL = YES;
				CLANG_ANALYZER_NUMBER_OBJECT_CONVERSION = YES_AGGRESSIVE;
				CLANG_CXX_LANGUAGE_STANDARD = "gnu++14";
				CLANG_CXX_LIBRARY = "libc++";
				CLANG_ENABLE_MODULES = YES;
				CLANG_ENABLE_OBJC_ARC = YES;
				CLANG_ENABLE_OBJC_WEAK = YES;
				CLANG_WARN_BLOCK_CAPTURE_AUTORELEASING = YES;
				CLANG_WARN_BOOL_CONVERSION = YES;
				CLANG_WARN_COMMA = YES;
				CLANG_WARN_CONSTANT_CONVERSION = YES;
				CLANG_WARN_DEPRECATED_OBJC_IMPLEMENTATIONS = YES;
				CLANG_WARN_DIRECT_OBJC_ISA_USAGE = YES_ERROR;
				CLANG_WARN_DOCUMENTATION_COMMENTS = YES;
				CLANG_WARN_EMPTY_BODY = YES;
				CLANG_WARN_ENUM_CONVERSION = YES;
				CLANG_WARN_INFINITE_RECURSION = YES;
				CLANG_WARN_INT_CONVERSION = YES;
				CLANG_WARN_NON_LITERAL_NULL_CONVERSION = YES;
				CLANG_WARN_OBJC_IMPLICIT_RETAIN_SELF = YES;
				CLANG_WARN_OBJC_LITERAL_CONVERSION = YES;
				CLANG_WARN_OBJC_ROOT_CLASS = YES_ERROR;
				CLANG_WARN_RANGE_LOOP_ANALYSIS = YES;
				CLANG_WARN_STRICT_PROTOTYPES = YES;
				CLANG_WARN_SUSPICIOUS_MOVE = YES;
				CLANG_WARN_UNGUARDED_AVAILABILITY = YES_AGGRESSIVE;
				CLANG_WARN_UNREACHABLE_CODE = YES;
				CLANG_WARN__DUPLICATE_METHOD_MATCH = YES;
				COPY_PHASE_STRIP = NO;
				DEBUG_INFORMATION_FORMAT = dwarf;
				ENABLE_STRICT_OBJC_MSGSEND = YES;
				ENABLE_TESTABILITY = YES;
				GCC_C_LANGUAGE_STANDARD = gnu11;
				GCC_DYNAMIC_NO_PIC = NO;
				GCC_NO_COMMON_BLOCKS = YES;
				GCC_OPTIMIZATION_LEVEL = 0;
				GCC_PREPROCESSOR_DEFINITIONS = (
					"DEBUG=1",
					"$(inherited)",
				);
				GCC_WARN_64_TO_32_BIT_CONVERSION = YES;
				GCC_WARN_ABOUT_RETURN_TYPE = YES_ERROR;
				GCC_WARN_UNDECLARED_SELECTOR = YES;
				GCC_WARN_UNINITIALIZED_AUTOS = YES_AGGRESSIVE;
				GCC_WARN_UNUSED_FUNCTION = YES;
				GCC_WARN_UNUSED_VARIABLE = YES;
				IPHONEOS_DEPLOYMENT_TARGET = 13.0;
				MTL_ENABLE_DEBUG_INFO = INCLUDE_SOURCE;
				MTL_FAST_MATH = YES;
				ONLY_ACTIVE_ARCH = YES;
				SDKROOT = iphoneos;
				SWIFT_ACTIVE_COMPILATION_CONDITIONS = DEBUG;
				SWIFT_OPTIMIZATION_LEVEL = "-Onone";
			};
			name = Debug;
		};
		6814C702231AA686008AB52C /* Release */ = {
			isa = XCBuildConfiguration;
			buildSettings = {
				ALWAYS_SEARCH_USER_PATHS = NO;
				CLANG_ANALYZER_NONNULL = YES;
				CLANG_ANALYZER_NUMBER_OBJECT_CONVERSION = YES_AGGRESSIVE;
				CLANG_CXX_LANGUAGE_STANDARD = "gnu++14";
				CLANG_CXX_LIBRARY = "libc++";
				CLANG_ENABLE_MODULES = YES;
				CLANG_ENABLE_OBJC_ARC = YES;
				CLANG_ENABLE_OBJC_WEAK = YES;
				CLANG_WARN_BLOCK_CAPTURE_AUTORELEASING = YES;
				CLANG_WARN_BOOL_CONVERSION = YES;
				CLANG_WARN_COMMA = YES;
				CLANG_WARN_CONSTANT_CONVERSION = YES;
				CLANG_WARN_DEPRECATED_OBJC_IMPLEMENTATIONS = YES;
				CLANG_WARN_DIRECT_OBJC_ISA_USAGE = YES_ERROR;
				CLANG_WARN_DOCUMENTATION_COMMENTS = YES;
				CLANG_WARN_EMPTY_BODY = YES;
				CLANG_WARN_ENUM_CONVERSION = YES;
				CLANG_WARN_INFINITE_RECURSION = YES;
				CLANG_WARN_INT_CONVERSION = YES;
				CLANG_WARN_NON_LITERAL_NULL_CONVERSION = YES;
				CLANG_WARN_OBJC_IMPLICIT_RETAIN_SELF = YES;
				CLANG_WARN_OBJC_LITERAL_CONVERSION = YES;
				CLANG_WARN_OBJC_ROOT_CLASS = YES_ERROR;
				CLANG_WARN_RANGE_LOOP_ANALYSIS = YES;
				CLANG_WARN_STRICT_PROTOTYPES = YES;
				CLANG_WARN_SUSPICIOUS_MOVE = YES;
				CLANG_WARN_UNGUARDED_AVAILABILITY = YES_AGGRESSIVE;
				CLANG_WARN_UNREACHABLE_CODE = YES;
				CLANG_WARN__DUPLICATE_METHOD_MATCH = YES;
				COPY_PHASE_STRIP = NO;
				DEBUG_INFORMATION_FORMAT = "dwarf-with-dsym";
				ENABLE_NS_ASSERTIONS = NO;
				ENABLE_STRICT_OBJC_MSGSEND = YES;
				GCC_C_LANGUAGE_STANDARD = gnu11;
				GCC_NO_COMMON_BLOCKS = YES;
				GCC_WARN_64_TO_32_BIT_CONVERSION = YES;
				GCC_WARN_ABOUT_RETURN_TYPE = YES_ERROR;
				GCC_WARN_UNDECLARED_SELECTOR = YES;
				GCC_WARN_UNINITIALIZED_AUTOS = YES_AGGRESSIVE;
				GCC_WARN_UNUSED_FUNCTION = YES;
				GCC_WARN_UNUSED_VARIABLE = YES;
				IPHONEOS_DEPLOYMENT_TARGET = 13.0;
				MTL_ENABLE_DEBUG_INFO = NO;
				MTL_FAST_MATH = YES;
				SDKROOT = iphoneos;
				SWIFT_COMPILATION_MODE = wholemodule;
				SWIFT_OPTIMIZATION_LEVEL = "-O";
				VALIDATE_PRODUCT = YES;
			};
			name = Release;
		};
		6814C704231AA686008AB52C /* Debug */ = {
			isa = XCBuildConfiguration;
			buildSettings = {
				ASSETCATALOG_COMPILER_APPICON_NAME = AppIcon;
				CODE_SIGN_STYLE = Automatic;
				DEVELOPMENT_TEAM = R6BE99W3FU;
				INFOPLIST_FILE = "DarkModeDemo-UIKit/Info.plist";
				LD_RUNPATH_SEARCH_PATHS = (
					"$(inherited)",
					"@executable_path/Frameworks",
				);
				PRODUCT_BUNDLE_IDENTIFIER = "com.rarcher.DarkModeDemo-UIKit";
				PRODUCT_NAME = "$(TARGET_NAME)";
				SWIFT_VERSION = 5.0;
				TARGETED_DEVICE_FAMILY = "1,2";
			};
			name = Debug;
		};
		6814C705231AA686008AB52C /* Release */ = {
			isa = XCBuildConfiguration;
			buildSettings = {
				ASSETCATALOG_COMPILER_APPICON_NAME = AppIcon;
				CODE_SIGN_STYLE = Automatic;
				DEVELOPMENT_TEAM = R6BE99W3FU;
				INFOPLIST_FILE = "DarkModeDemo-UIKit/Info.plist";
				LD_RUNPATH_SEARCH_PATHS = (
					"$(inherited)",
					"@executable_path/Frameworks",
				);
				PRODUCT_BUNDLE_IDENTIFIER = "com.rarcher.DarkModeDemo-UIKit";
				PRODUCT_NAME = "$(TARGET_NAME)";
				SWIFT_VERSION = 5.0;
				TARGETED_DEVICE_FAMILY = "1,2";
			};
			name = Release;
		};
/* End XCBuildConfiguration section */

/* Begin XCConfigurationList section */
		6814C6EA231AA685008AB52C /* Build configuration list for PBXProject "DarkModeDemo-UIKit" */ = {
			isa = XCConfigurationList;
			buildConfigurations = (
				6814C701231AA686008AB52C /* Debug */,
				6814C702231AA686008AB52C /* Release */,
			);
			defaultConfigurationIsVisible = 0;
			defaultConfigurationName = Release;
		};
		6814C703231AA686008AB52C /* Build configuration list for PBXNativeTarget "DarkModeDemo-UIKit" */ = {
			isa = XCConfigurationList;
			buildConfigurations = (
				6814C704231AA686008AB52C /* Debug */,
				6814C705231AA686008AB52C /* Release */,
			);
			defaultConfigurationIsVisible = 0;
			defaultConfigurationName = Release;
		};
/* End XCConfigurationList section */
	};
	rootObject = 6814C6E7231AA685008AB52C /* Project object */;
}
